
Microsoft Visual Studio Solution File, Format Version 12.00
# Visual Studio 15
VisualStudioVersion = 15.0.27130.2036
MinimumVisualStudioVersion = 10.0.40219.1
Project("{FAE04EC0-301F-11D3-BF4B-00C04F79EFBC}") = "SacramentMeetingPlanner", "SacramentMeetingPlanner\SacramentMeetingPlanner.csproj", "{F6ABB89F-8665-46CB-9AAE-28B9418BF698}"
EndProject
Global
	GlobalSection(SolutionConfigurationPlatforms) = preSolution
		Debug|Any CPU = Debug|Any CPU
		Release|Any CPU = Release|Any CPU
	EndGlobalSection
	GlobalSection(ProjectConfigurationPlatforms) = postSolution
		{F6ABB89F-8665-46CB-9AAE-28B9418BF698}.Debug|Any CPU.ActiveCfg = Debug|Any CPU
		{F6ABB89F-8665-46CB-9AAE-28B9418BF698}.Debug|Any CPU.Build.0 = Debug|Any CPU
		{F6ABB89F-8665-46CB-9AAE-28B9418BF698}.Release|Any CPU.ActiveCfg = Release|Any CPU
		{F6ABB89F-8665-46CB-9AAE-28B9418BF698}.Release|Any CPU.Build.0 = Release|Any CPU
	EndGlobalSection
	GlobalSection(SolutionProperties) = preSolution
		HideSolutionNode = FALSE
	EndGlobalSection
	GlobalSection(ExtensibilityGlobals) = postSolution
		SolutionGuid = {B3D61A3B-6E60-42FC-A197-CD5109A9E664}
	EndGlobalSection
EndGlobal
